{
  "name": "angular",
  "version": "0.0.0",
  "lockfileVersion": 1,
  "requires": true,
  "dependencies": {
    "@ngx-formly/core": {
      "version": "4.6.4",
      "resolved": "https://registry.npmjs.org/@ngx-formly/core/-/core-4.6.4.tgz",
      "integrity": "sha512-nQRV5F42rL7ifNo6UiyUuwU0loTV0eHrzQrQ7A0mvT7/xn+VwKqilb6qbtKCjkn9AbzToruYyPQdJokv3p2WgQ==",
      "requires": {
        "tslib": "1.9.3"
      }
    },
    "bootstrap": {
      "version": "4.1.2",
      "resolved": "https://registry.npmjs.org/bootstrap/-/bootstrap-4.1.2.tgz",
      "integrity": "sha512-3bP609EdMc/8EwgGp8KgpN8HwnR4V4lZ9CTi5pImMrXNxpkw7dK1B05aMwQWpG1ZWmTLlBSN/uzkuz5GsmQNFA=="
    },
    "tslib": {
      "version": "1.9.3",
      "resolved": "https://registry.npmjs.org/tslib/-/tslib-1.9.3.tgz",
      "integrity": "sha512-4krF8scpejhaOgqzBEcGM7yDIEfi0/8+8zDRZhNZZ2kjmHJ4hv3zCbQWxoJGz1iw5U0Jl0nma13xzHXcncMavQ=="
    }
  }
}
